
Microsoft Visual Studio Solution File, Format Version 12.00
# Visual Studio Version 17
VisualStudioVersion = 17.2.32616.157
MinimumVisualStudioVersion = 10.0.40219.1
Project("{9A19103F-16F7-4668-BE54-9A1E7A4F7556}") = "LetsMovie.Presentation", "LetsMovie.Presentation\LetsMovie.Presentation.csproj", "{46E69B18-5D6C-4A99-8509-F29AD902829F}"
EndProject
Project("{9A19103F-16F7-4668-BE54-9A1E7A4F7556}") = "LetsMovie.Domain", "LetsMovie.Domain\LetsMovie.Domain.csproj", "{D96A4D2A-676E-4F6E-9659-AC26CAE468F8}"
EndProject
Project("{9A19103F-16F7-4668-BE54-9A1E7A4F7556}") = "LetsMovie.Service", "LetsMovie.Service\LetsMovie.Service.csproj", "{E06B1886-13E8-4F79-88C3-37EFB2F04A4D}"
EndProject
Project("{9A19103F-16F7-4668-BE54-9A1E7A4F7556}") = "LetsMovie.Infra", "LetsMovie.Infra\LetsMovie.Infra.csproj", "{D330C536-532C-438A-9D74-A09AC606D3E5}"
EndProject
Project("{9A19103F-16F7-4668-BE54-9A1E7A4F7556}") = "LetsMovie.Documents", "LetsMovie.Documents\LetsMovie.Documents.csproj", "{9572542C-6EB7-42F0-82FC-BE59487C7888}"
EndProject
Project("{FAE04EC0-301F-11D3-BF4B-00C04F79EFBC}") = "LetsMovie.FormMenu", "LetsMovie.FormMenu\LetsMovie.FormMenu.csproj", "{1B7268F0-09B8-4DED-81DD-762F9D954725}"
EndProject
Global
	GlobalSection(SolutionConfigurationPlatforms) = preSolution
		Debug|Any CPU = Debug|Any CPU
		Release|Any CPU = Release|Any CPU
	EndGlobalSection
	GlobalSection(ProjectConfigurationPlatforms) = postSolution
		{46E69B18-5D6C-4A99-8509-F29AD902829F}.Debug|Any CPU.ActiveCfg = Debug|Any CPU
		{46E69B18-5D6C-4A99-8509-F29AD902829F}.Debug|Any CPU.Build.0 = Debug|Any CPU
		{46E69B18-5D6C-4A99-8509-F29AD902829F}.Release|Any CPU.ActiveCfg = Release|Any CPU
		{46E69B18-5D6C-4A99-8509-F29AD902829F}.Release|Any CPU.Build.0 = Release|Any CPU
		{D96A4D2A-676E-4F6E-9659-AC26CAE468F8}.Debug|Any CPU.ActiveCfg = Debug|Any CPU
		{D96A4D2A-676E-4F6E-9659-AC26CAE468F8}.Debug|Any CPU.Build.0 = Debug|Any CPU
		{D96A4D2A-676E-4F6E-9659-AC26CAE468F8}.Release|Any CPU.ActiveCfg = Release|Any CPU
		{D96A4D2A-676E-4F6E-9659-AC26CAE468F8}.Release|Any CPU.Build.0 = Release|Any CPU
		{E06B1886-13E8-4F79-88C3-37EFB2F04A4D}.Debug|Any CPU.ActiveCfg = Debug|Any CPU
		{E06B1886-13E8-4F79-88C3-37EFB2F04A4D}.Debug|Any CPU.Build.0 = Debug|Any CPU
		{E06B1886-13E8-4F79-88C3-37EFB2F04A4D}.Release|Any CPU.ActiveCfg = Release|Any CPU
		{E06B1886-13E8-4F79-88C3-37EFB2F04A4D}.Release|Any CPU.Build.0 = Release|Any CPU
		{D330C536-532C-438A-9D74-A09AC606D3E5}.Debug|Any CPU.ActiveCfg = Debug|Any CPU
		{D330C536-532C-438A-9D74-A09AC606D3E5}.Debug|Any CPU.Build.0 = Debug|Any CPU
		{D330C536-532C-438A-9D74-A09AC606D3E5}.Release|Any CPU.ActiveCfg = Release|Any CPU
		{D330C536-532C-438A-9D74-A09AC606D3E5}.Release|Any CPU.Build.0 = Release|Any CPU
		{9572542C-6EB7-42F0-82FC-BE59487C7888}.Debug|Any CPU.ActiveCfg = Debug|Any CPU
		{9572542C-6EB7-42F0-82FC-BE59487C7888}.Debug|Any CPU.Build.0 = Debug|Any CPU
		{9572542C-6EB7-42F0-82FC-BE59487C7888}.Release|Any CPU.ActiveCfg = Release|Any CPU
		{9572542C-6EB7-42F0-82FC-BE59487C7888}.Release|Any CPU.Build.0 = Release|Any CPU
		{1B7268F0-09B8-4DED-81DD-762F9D954725}.Debug|Any CPU.ActiveCfg = Debug|Any CPU
		{1B7268F0-09B8-4DED-81DD-762F9D954725}.Debug|Any CPU.Build.0 = Debug|Any CPU
		{1B7268F0-09B8-4DED-81DD-762F9D954725}.Release|Any CPU.ActiveCfg = Release|Any CPU
		{1B7268F0-09B8-4DED-81DD-762F9D954725}.Release|Any CPU.Build.0 = Release|Any CPU
	EndGlobalSection
	GlobalSection(SolutionProperties) = preSolution
		HideSolutionNode = FALSE
	EndGlobalSection
	GlobalSection(ExtensibilityGlobals) = postSolution
		SolutionGuid = {70ACCD29-3F19-404B-AC14-AE2778B49D24}
	EndGlobalSection
EndGlobal
